hash: da9b55a01fb1d577d52c1bd533b9e08a10dd31e4c99bc9eb4c52fcf6f057afd7
updated: 2019-03-27T09:50:20.155027+10:00
imports:
- name: github.com/blackbass1988/yet_another_pprof_wrapper
  version: d0534355fec0b3f39bee7692200dc99484f0e765
- name: github.com/glenn-brown/golang-pkg-pcre
  version: 48bb82a8b8ceea98f4e97825b43870f6ba1970d6
  subpackages:
  - src/pkg/pcre
- name: gopkg.in/check.v1
  version: 788fd78401277ebd861206a03c884797c6ec5541
- name: gopkg.in/yaml.v2
  version: 51d6538a90f86fe93ac480b35f37b2be17fef232
testImports: []
